Microsoft Visual Studio Solution File, Format Version 12.00
# Visual Studio Version 17
VisualStudioVersion = 17.5.2.0
MinimumVisualStudioVersion = 10.0.40219.1
Project("{FAE04EC0-301F-11D3-BF4B-00C04F79EFBC}") = "SimplePaint", "SimplePaint.csproj", "{24AC3BEE-FFCA-044D-BA75-CA843F75311E}"
EndProject
Global
	GlobalSection(SolutionConfigurationPlatforms) = preSolution
		Debug|Any CPU = Debug|Any CPU
		Release|Any CPU = Release|Any CPU
	EndGlobalSection
	GlobalSection(ProjectConfigurationPlatforms) = postSolution
		{24AC3BEE-FFCA-044D-BA75-CA843F75311E}.Debug|Any CPU.ActiveCfg = Debug|Any CPU
		{24AC3BEE-FFCA-044D-BA75-CA843F75311E}.Debug|Any CPU.Build.0 = Debug|Any CPU
		{24AC3BEE-FFCA-044D-BA75-CA843F75311E}.Release|Any CPU.ActiveCfg = Release|Any CPU
		{24AC3BEE-FFCA-044D-BA75-CA843F75311E}.Release|Any CPU.Build.0 = Release|Any CPU
	EndGlobalSection
	GlobalSection(SolutionProperties) = preSolution
		HideSolutionNode = FALSE
	EndGlobalSection
	GlobalSection(ExtensibilityGlobals) = postSolution
		SolutionGuid = {C38857F1-1F8B-4DE2-BCF6-8D9B349ECE6D}
	EndGlobalSection
EndGlobal
